// !$*UTF8*$!
{
	archiveVersion = 1;
	classes = {
	};
	objectVersion = 46;
	objects = {

/* Begin PBXBuildFile section */
		8B5355441D8EA6DF00704F38 /* nissan in Resources */ = {isa = PBXBuildFile; fileRef = 8B5355431D8EA6DF00704F38 /* nissan */; };
		8BF270461D8D420E002F1FC7 /* AppDelegate.swift in Sources */ = {isa = PBXBuildFile; fileRef = 8BF270451D8D420E002F1FC7 /* AppDelegate.swift */; };
		8BF270481D8D420E002F1FC7 /* ViewController.swift in Sources */ = {isa = PBXBuildFile; fileRef = 8BF270471D8D420E002F1FC7 /* ViewController.swift */; };
		8BF2704B1D8D420E002F1FC7 /* Main.storyboard in Resources */ = {isa = PBXBuildFile; fileRef = 8BF270491D8D420E002F1FC7 /* Main.storyboard */; };
		8BF2704D1D8D420E002F1FC7 /* Assets.xcassets in Resources */ = {isa = PBXBuildFile; fileRef = 8BF2704C1D8D420E002F1FC7 /* Assets.xcassets */; };
		8BF270501D8D420E002F1FC7 /* LaunchScreen.storyboard in Resources */ = {isa = PBXBuildFile; fileRef = 8BF2704E1D8D420E002F1FC7 /* LaunchScreen.storyboard */; };
		DF0E6C8CDB22B92903158927 /* Pods_DemoWebGL.framework in Frameworks */ = {isa = PBXBuildFile; fileRef = 12661913D0920ACD2D579C09 /* Pods_DemoWebGL.framework */; };
/* End PBXBuildFile section */

/* Begin PBXFileReference section */
		12661913D0920ACD2D579C09 /* Pods_DemoWebGL.framework */ = {isa = PBXFileReference; explicitFileType = wrapper.framework; includeInIndex = 0; path = Pods_DemoWebGL.framework; sourceTree = BUILT_PRODUCTS_DIR; };
		5C8724E8B9923A7F33B96F33 /* Pods-DemoWebGL.debug.xcconfig */ = {isa = PBXFileReference; includeInIndex = 1; lastKnownFileType = text.xcconfig; name = "Pods-DemoWebGL.debug.xcconfig"; path = "Pods/Target Support Files/Pods-DemoWebGL/Pods-DemoWebGL.debug.xcconfig"; sourceTree = "<group>"; };
		84A98FCD285F423308C99225 /* Pods-DemoWebGL.release.xcconfig */ = {isa = PBXFileReference; includeInIndex = 1; lastKnownFileType = text.xcconfig; name = "Pods-DemoWebGL.release.xcconfig"; path = "Pods/Target Support Files/Pods-DemoWebGL/Pods-DemoWebGL.release.xcconfig"; sourceTree = "<group>"; };
		8B5355431D8EA6DF00704F38 /* nissan */ = {isa = PBXFileReference; lastKnownFileType = folder; path = nissan; sourceTree = "<group>"; };
		8BF270421D8D420E002F1FC7 /* DemoWebGL.app */ = {isa = PBXFileReference; explicitFileType = wrapper.application; includeInIndex = 0; path = DemoWebGL.app; sourceTree = BUILT_PRODUCTS_DIR; };
		8BF270451D8D420E002F1FC7 /* AppDelegate.swift */ = {isa = PBXFileReference; lastKnownFileType = sourcecode.swift; path = AppDelegate.swift; sourceTree = "<group>"; };
		8BF270471D8D420E002F1FC7 /* ViewController.swift */ = {isa = PBXFileReference; lastKnownFileType = sourcecode.swift; path = ViewController.swift; sourceTree = "<group>"; };
		8BF2704A1D8D420E002F1FC7 /* Base */ = {isa = PBXFileReference; lastKnownFileType = file.storyboard; name = Base; path = Base.lproj/Main.storyboard; sourceTree = "<group>"; };
		8BF2704C1D8D420E002F1FC7 /* Assets.xcassets */ = {isa = PBXFileReference; lastKnownFileType = folder.assetcatalog; path = Assets.xcassets; sourceTree = "<group>"; };
		8BF2704F1D8D420E002F1FC7 /* Base */ = {isa = PBXFileReference; lastKnownFileType = file.storyboard; name = Base; path = Base.lproj/LaunchScreen.storyboard; sourceTree = "<group>"; };
		8BF270511D8D420E002F1FC7 /* Info.plist */ = {isa = PBXFileReference; lastKnownFileType = text.plist.xml; path = Info.plist; sourceTree = "<group>"; };
		8BF270591D8D4415002F1FC7 /* DemoWebGL-Bridging-Header.h */ = {isa = PBXFileReference; lastKnownFileType = sourcecode.c.h; path = "DemoWebGL-Bridging-Header.h"; sourceTree = "<group>"; };
/* End PBXFileReference section */

/* Begin PBXFrameworksBuildPhase section */
		8BF2703F1D8D420D002F1FC7 /* Frameworks */ = {
			isa = PBXFrameworksBuildPhase;
			buildActionMask = 2147483647;
			files = (
				DF0E6C8CDB22B92903158927 /* Pods_DemoWebGL.framework in Frameworks */,
			);
			runOnlyForDeploymentPostprocessing = 0;
		};
/* End PBXFrameworksBuildPhase section */

/* Begin PBXGroup section */
		44ED05BE715A462B0330B35D /* Pods */ = {
			isa = PBXGroup;
			children = (
				5C8724E8B9923A7F33B96F33 /* Pods-DemoWebGL.debug.xcconfig */,
				84A98FCD285F423308C99225 /* Pods-DemoWebGL.release.xcconfig */,
			);
			name = Pods;
			sourceTree = "<group>";
		};
		8BF270391D8D420D002F1FC7 = {
			isa = PBXGroup;
			children = (
				8BF270441D8D420E002F1FC7 /* DemoWebGL */,
				8BF270431D8D420E002F1FC7 /* Products */,
				44ED05BE715A462B0330B35D /* Pods */,
				DCEC53F9A457A1084794A1E8 /* Frameworks */,
			);
			sourceTree = "<group>";
		};
		8BF270431D8D420E002F1FC7 /* Products */ = {
			isa = PBXGroup;
			children = (
				8BF270421D8D420E002F1FC7 /* DemoWebGL.app */,
			);
			name = Products;
			sourceTree = "<group>";
		};
		8BF270441D8D420E002F1FC7 /* DemoWebGL */ = {
			isa = PBXGroup;
			children = (
				8B5355431D8EA6DF00704F38 /* nissan */,
				8BF270451D8D420E002F1FC7 /* AppDelegate.swift */,
				8BF270471D8D420E002F1FC7 /* ViewController.swift */,
				8BF270491D8D420E002F1FC7 /* Main.storyboard */,
				8BF2704C1D8D420E002F1FC7 /* Assets.xcassets */,
				8BF2704E1D8D420E002F1FC7 /* LaunchScreen.storyboard */,
				8BF270511D8D420E002F1FC7 /* Info.plist */,
				8BF270591D8D4415002F1FC7 /* DemoWebGL-Bridging-Header.h */,
			);
			path = DemoWebGL;
			sourceTree = "<group>";
		};
		DCEC53F9A457A1084794A1E8 /* Frameworks */ = {
			isa = PBXGroup;
			children = (
				12661913D0920ACD2D579C09 /* Pods_DemoWebGL.framework */,
			);
			name = Frameworks;
			sourceTree = "<group>";
		};
/* End PBXGroup section */

/* Begin PBXNativeTarget section */
		8BF270411D8D420D002F1FC7 /* DemoWebGL */ = {
			isa = PBXNativeTarget;
			buildConfigurationList = 8BF270541D8D420E002F1FC7 /* Build configuration list for PBXNativeTarget "DemoWebGL" */;
			buildPhases = (
				6414074DA972EFAFE14F14C9 /* Check Pods Manifest.lock */,
				8BF2703E1D8D420D002F1FC7 /* Sources */,
				8BF2703F1D8D420D002F1FC7 /* Frameworks */,
				8BF270401D8D420D002F1FC7 /* Resources */,
				12475A170767916006B97564 /* Embed Pods Frameworks */,
				EF19C01C04973491DB022B5E /* Copy Pods Resources */,
			);
			buildRules = (
			);
			dependencies = (
			);
			name = DemoWebGL;
			productName = DemoWebGL;
			productReference = 8BF270421D8D420E002F1FC7 /* DemoWebGL.app */;
			productType = "com.apple.product-type.application";
		};
/* End PBXNativeTarget section */

/* Begin PBXProject section */
		8BF2703A1D8D420D002F1FC7 /* Project object */ = {
			isa = PBXProject;
			attributes = {
				LastSwiftUpdateCheck = 0730;
				LastUpgradeCheck = 0730;
				ORGANIZATIONNAME = MC976;
				TargetAttributes = {
					8BF270411D8D420D002F1FC7 = {
						CreatedOnToolsVersion = 7.3.1;
						DevelopmentTeam = XC6P3RXJV8;
					};
				};
			};
			buildConfigurationList = 8BF2703D1D8D420D002F1FC7 /* Build configuration list for PBXProject "DemoWebGL" */;
			compatibilityVersion = "Xcode 3.2";
			developmentRegion = English;
			hasScannedForEncodings = 0;
			knownRegions = (
				en,
				Base,
			);
			mainGroup = 8BF270391D8D420D002F1FC7;
			productRefGroup = 8BF270431D8D420E002F1FC7 /* Products */;
			projectDirPath = "";
			projectRoot = "";
			targets = (
				8BF270411D8D420D002F1FC7 /* DemoWebGL */,
			);
		};
/* End PBXProject section */

/* Begin PBXResourcesBuildPhase section */
		8BF270401D8D420D002F1FC7 /* Resources */ = {
			isa = PBXResourcesBuildPhase;
			buildActionMask = 2147483647;
			files = (
				8BF270501D8D420E002F1FC7 /* LaunchScreen.storyboard in Resources */,
				8BF2704D1D8D420E002F1FC7 /* Assets.xcassets in Resources */,
				8B5355441D8EA6DF00704F38 /* nissan in Resources */,
				8BF2704B1D8D420E002F1FC7 /* Main.storyboard in Resources */,
			);
			runOnlyForDeploymentPostprocessing = 0;
		};
/* End PBXResourcesBuildPhase section */

/* Begin PBXShellScriptBuildPhase section */
		12475A170767916006B97564 /* Embed Pods Frameworks */ = {
			isa = PBXShellScriptBuildPhase;
			buildActionMask = 2147483647;
			files = (
			);
			inputPaths = (
			);
			name = "Embed Pods Frameworks";
			outputPaths = (
			);
			runOnlyForDeploymentPostprocessing = 0;
			shellPath = /bin/sh;
			shellScript = "\"${SRCROOT}/Pods/Target Support Files/Pods-DemoWebGL/Pods-DemoWebGL-frameworks.sh\"\n";
			showEnvVarsInLog = 0;
		};
		6414074DA972EFAFE14F14C9 /* Check Pods Manifest.lock */ = {
			isa = PBXShellScriptBuildPhase;
			buildActionMask = 2147483647;
			files = (
			);
			inputPaths = (
			);
			name = "Check Pods Manifest.lock";
			outputPaths = (
			);
			runOnlyForDeploymentPostprocessing = 0;
			shellPath = /bin/sh;
			shellScript = "diff \"${PODS_ROOT}/../Podfile.lock\" \"${PODS_ROOT}/Manifest.lock\" > /dev/null\nif [[ $? != 0 ]] ; then\n    cat << EOM\nerror: The sandbox is not in sync with the Podfile.lock. Run 'pod install' or update your CocoaPods installation.\nEOM\n    exit 1\nfi\n";
			showEnvVarsInLog = 0;
		};
		EF19C01C04973491DB022B5E /* Copy Pods Resources */ = {
			isa = PBXShellScriptBuildPhase;
			buildActionMask = 2147483647;
			files = (
			);
			inputPaths = (
			);
			name = "Copy Pods Resources";
			outputPaths = (
			);
			runOnlyForDeploymentPostprocessing = 0;
			shellPath = /bin/sh;
			shellScript = "\"${SRCROOT}/Pods/Target Support Files/Pods-DemoWebGL/Pods-DemoWebGL-resources.sh\"\n";
			showEnvVarsInLog = 0;
		};
/* End PBXShellScriptBuildPhase section */

/* Begin PBXSourcesBuildPhase section */
		8BF2703E1D8D420D002F1FC7 /* Sources */ = {
			isa = PBXSourcesBuildPhase;
			buildActionMask = 2147483647;
			files = (
				8BF270481D8D420E002F1FC7 /* ViewController.swift in Sources */,
				8BF270461D8D420E002F1FC7 /* AppDelegate.swift in Sources */,
			);
			runOnlyForDeploymentPostprocessing = 0;
		};
/* End PBXSourcesBuildPhase section */

/* Begin PBXVariantGroup section */
		8BF270491D8D420E002F1FC7 /* Main.storyboard */ = {
			isa = PBXVariantGroup;
			children = (
				8BF2704A1D8D420E002F1FC7 /* Base */,
			);
			name = Main.storyboard;
			sourceTree = "<group>";
		};
		8BF2704E1D8D420E002F1FC7 /* LaunchScreen.storyboard */ = {
			isa = PBXVariantGroup;
			children = (
				8BF2704F1D8D420E002F1FC7 /* Base */,
			);
			name = LaunchScreen.storyboard;
			sourceTree = "<group>";
		};
/* End PBXVariantGroup section */

/* Begin XCBuildConfiguration section */
		8BF270521D8D420E002F1FC7 /* Debug */ = {
			isa = XCBuildConfiguration;
			buildSettings = {
				ALWAYS_SEARCH_USER_PATHS = NO;
				CLANG_ANALYZER_NONNULL = YES;
				CLANG_CXX_LANGUAGE_STANDARD = "gnu++0x";
				CLANG_CXX_LIBRARY = "libc++";
				CLANG_ENABLE_MODULES = YES;
				CLANG_ENABLE_OBJC_ARC = YES;
				CLANG_WARN_BOOL_CONVERSION = YES;
				CLANG_WARN_CONSTANT_CONVERSION = YES;
				CLANG_WARN_DIRECT_OBJC_ISA_USAGE = YES_ERROR;
				CLANG_WARN_EMPTY_BODY = YES;
				CLANG_WARN_ENUM_CONVERSION = YES;
				CLANG_WARN_INT_CONVERSION = YES;
				CLANG_WARN_OBJC_ROOT_CLASS = YES_ERROR;
				CLANG_WARN_UNREACHABLE_CODE = YES;
				CLANG_WARN__DUPLICATE_METHOD_MATCH = YES;
				"CODE_SIGN_IDENTITY[sdk=iphoneos*]" = "iPhone Developer";
				COPY_PHASE_STRIP = NO;
				DEBUG_INFORMATION_FORMAT = dwarf;
				ENABLE_STRICT_OBJC_MSGSEND = YES;
				ENABLE_TESTABILITY = YES;
				GCC_C_LANGUAGE_STANDARD = gnu99;
				GCC_DYNAMIC_NO_PIC = NO;
				GCC_NO_COMMON_BLOCKS = YES;
				GCC_OPTIMIZATION_LEVEL = 0;
				GCC_PREPROCESSOR_DEFINITIONS = (
					"DEBUG=1",
					"$(inherited)",
				);
				GCC_WARN_64_TO_32_BIT_CONVERSION = YES;
				GCC_WARN_ABOUT_RETURN_TYPE = YES_ERROR;
				GCC_WARN_UNDECLARED_SELECTOR = YES;
				GCC_WARN_UNINITIALIZED_AUTOS = YES_AGGRESSIVE;
				GCC_WARN_UNUSED_FUNCTION = YES;
				GCC_WARN_UNUSED_VARIABLE = YES;
				IPHONEOS_DEPLOYMENT_TARGET = 9.3;
				MTL_ENABLE_DEBUG_INFO = YES;
				ONLY_ACTIVE_ARCH = YES;
				SDKROOT = iphoneos;
				SWIFT_OPTIMIZATION_LEVEL = "-Onone";
			};
			name = Debug;
		};
		8BF270531D8D420E002F1FC7 /* Release */ = {
			isa = XCBuildConfiguration;
			buildSettings = {
				ALWAYS_SEARCH_USER_PATHS = NO;
				CLANG_ANALYZER_NONNULL = YES;
				CLANG_CXX_LANGUAGE_STANDARD = "gnu++0x";
				CLANG_CXX_LIBRARY = "libc++";
				CLANG_ENABLE_MODULES = YES;
				CLANG_ENABLE_OBJC_ARC = YES;
				CLANG_WARN_BOOL_CONVERSION = YES;
				CLANG_WARN_CONSTANT_CONVERSION = YES;
				CLANG_WARN_DIRECT_OBJC_ISA_USAGE = YES_ERROR;
				CLANG_WARN_EMPTY_BODY = YES;
				CLANG_WARN_ENUM_CONVERSION = YES;
				CLANG_WARN_INT_CONVERSION = YES;
				CLANG_WARN_OBJC_ROOT_CLASS = YES_ERROR;
				CLANG_WARN_UNREACHABLE_CODE = YES;
				CLANG_WARN__DUPLICATE_METHOD_MATCH = YES;
				"CODE_SIGN_IDENTITY[sdk=iphoneos*]" = "iPhone Developer";
				COPY_PHASE_STRIP = NO;
				DEBUG_INFORMATION_FORMAT = "dwarf-with-dsym";
				ENABLE_NS_ASSERTIONS = NO;
				ENABLE_STRICT_OBJC_MSGSEND = YES;
				GCC_C_LANGUAGE_STANDARD = gnu99;
				GCC_NO_COMMON_BLOCKS = YES;
				GCC_WARN_64_TO_32_BIT_CONVERSION = YES;
				GCC_WARN_ABOUT_RETURN_TYPE = YES_ERROR;
				GCC_WARN_UNDECLARED_SELECTOR = YES;
				GCC_WARN_UNINITIALIZED_AUTOS = YES_AGGRESSIVE;
				GCC_WARN_UNUSED_FUNCTION = YES;
				GCC_WARN_UNUSED_VARIABLE = YES;
				IPHONEOS_DEPLOYMENT_TARGET = 9.3;
				MTL_ENABLE_DEBUG_INFO = NO;
				SDKROOT = iphoneos;
				VALIDATE_PRODUCT = YES;
			};
			name = Release;
		};
		8BF270551D8D420E002F1FC7 /* Debug */ = {
			isa = XCBuildConfiguration;
			baseConfigurationReference = 5C8724E8B9923A7F33B96F33 /* Pods-DemoWebGL.debug.xcconfig */;
			buildSettings = {
				ASSETCATALOG_COMPILER_APPICON_NAME = AppIcon;
				CODE_SIGN_IDENTITY = "iPhone Developer";
				"CODE_SIGN_IDENTITY[sdk=iphoneos*]" = "iPhone Developer";
				INFOPLIST_FILE = DemoWebGL/Info.plist;
				LD_RUNPATH_SEARCH_PATHS = "$(inherited) @executable_path/Frameworks";
				PRODUCT_BUNDLE_IDENTIFIER = com.DemoWebGL;
				PRODUCT_NAME = "$(TARGET_NAME)";
				PROVISIONING_PROFILE = "";
				SWIFT_OBJC_BRIDGING_HEADER = "$(SRCROOT)/$(PROJECT_NAME)/DemoWebGL-Bridging-Header.h";
			};
			name = Debug;
		};
		8BF270561D8D420E002F1FC7 /* Release */ = {
			isa = XCBuildConfiguration;
			baseConfigurationReference = 84A98FCD285F423308C99225 /* Pods-DemoWebGL.release.xcconfig */;
			buildSettings = {
				ASSETCATALOG_COMPILER_APPICON_NAME = AppIcon;
				CODE_SIGN_IDENTITY = "iPhone Developer";
				"CODE_SIGN_IDENTITY[sdk=iphoneos*]" = "iPhone Developer";
				INFOPLIST_FILE = DemoWebGL/Info.plist;
				LD_RUNPATH_SEARCH_PATHS = "$(inherited) @executable_path/Frameworks";
				PRODUCT_BUNDLE_IDENTIFIER = com.DemoWebGL;
				PRODUCT_NAME = "$(TARGET_NAME)";
				PROVISIONING_PROFILE = "";
				SWIFT_OBJC_BRIDGING_HEADER = "$(SRCROOT)/$(PROJECT_NAME)/DemoWebGL-Bridging-Header.h";
			};
			name = Release;
		};
/* End XCBuildConfiguration section */

/* Begin XCConfigurationList section */
		8BF2703D1D8D420D002F1FC7 /* Build configuration list for PBXProject "DemoWebGL" */ = {
			isa = XCConfigurationList;
			buildConfigurations = (
				8BF270521D8D420E002F1FC7 /* Debug */,
				8BF270531D8D420E002F1FC7 /* Release */,
			);
			defaultConfigurationIsVisible = 0;
			defaultConfigurationName = Release;
		};
		8BF270541D8D420E002F1FC7 /* Build configuration list for PBXNativeTarget "DemoWebGL" */ = {
			isa = XCConfigurationList;
			buildConfigurations = (
				8BF270551D8D420E002F1FC7 /* Debug */,
				8BF270561D8D420E002F1FC7 /* Release */,
			);
			defaultConfigurationIsVisible = 0;
			defaultConfigurationName = Release;
		};
/* End XCConfigurationList section */
	};
	rootObject = 8BF2703A1D8D420D002F1FC7 /* Project object */;
}
